
Microsoft Visual Studio Solution File, Format Version 12.00
# Visual Studio Version 16
VisualStudioVersion = 16.0.32228.343
MinimumVisualStudioVersion = 10.0.40219.1
Project("{FAE04EC0-301F-11D3-BF4B-00C04F79EFBC}") = "TestProject1", "TestProject1\TestProject1.csproj", "{081B58C3-E229-419D-9ACF-3453823EEE7F}"
EndProject
Global
	GlobalSection(SolutionConfigurationPlatforms) = preSolution
		Debug|Any CPU = Debug|Any CPU
		Release|Any CPU = Release|Any CPU
	EndGlobalSection
	GlobalSection(ProjectConfigurationPlatforms) = postSolution
		{081B58C3-E229-419D-9ACF-3453823EEE7F}.Debug|Any CPU.ActiveCfg = Debug|Any CPU
		{081B58C3-E229-419D-9ACF-3453823EEE7F}.Debug|Any CPU.Build.0 = Debug|Any CPU
		{081B58C3-E229-419D-9ACF-3453823EEE7F}.Release|Any CPU.ActiveCfg = Release|Any CPU
		{081B58C3-E229-419D-9ACF-3453823EEE7F}.Release|Any CPU.Build.0 = Release|Any CPU
	EndGlobalSection
	GlobalSection(SolutionProperties) = preSolution
		HideSolutionNode = FALSE
	EndGlobalSection
	GlobalSection(ExtensibilityGlobals) = postSolution
		SolutionGuid = {BA16F91E-D968-4CE9-9AE1-46ADD7795225}
	EndGlobalSection
EndGlobal
