
Microsoft Visual Studio Solution File, Format Version 12.00
# Visual Studio Version 16
VisualStudioVersion = 16.0.32228.343
MinimumVisualStudioVersion = 10.0.40219.1
Project("{FAE04EC0-301F-11D3-BF4B-00C04F79EFBC}") = "WpfApp1", "WpfApp1\WpfApp1.csproj", "{03246CD0-D2C1-4D9C-B0D9-963A9A626DFB}"
EndProject
Global
	GlobalSection(SolutionConfigurationPlatforms) = preSolution
		Debug|Any CPU = Debug|Any CPU
		Release|Any CPU = Release|Any CPU
	EndGlobalSection
	GlobalSection(ProjectConfigurationPlatforms) = postSolution
		{03246CD0-D2C1-4D9C-B0D9-963A9A626DFB}.Debug|Any CPU.ActiveCfg = Debug|Any CPU
		{03246CD0-D2C1-4D9C-B0D9-963A9A626DFB}.Debug|Any CPU.Build.0 = Debug|Any CPU
		{03246CD0-D2C1-4D9C-B0D9-963A9A626DFB}.Release|Any CPU.ActiveCfg = Release|Any CPU
		{03246CD0-D2C1-4D9C-B0D9-963A9A626DFB}.Release|Any CPU.Build.0 = Release|Any CPU
	EndGlobalSection
	GlobalSection(SolutionProperties) = preSolution
		HideSolutionNode = FALSE
	EndGlobalSection
	GlobalSection(ExtensibilityGlobals) = postSolution
		SolutionGuid = {875A3253-3387-442D-85D6-39868988F255}
	EndGlobalSection
EndGlobal
